
Microsoft Visual Studio Solution File, Format Version 12.00
# Visual Studio Version 16
VisualStudioVersion = 16.0.29911.84
MinimumVisualStudioVersion = 10.0.40219.1
Project("{9A19103F-16F7-4668-BE54-9A1E7A4F7556}") = "WebApi", "WebApi\WebApi.csproj", "{9E4118D1-84E0-4C44-AF2C-69E245351C8E}"
EndProject
Project("{2150E333-8FDC-42A3-9474-1A3956D46DE8}") = "3rdPartyLibs", "3rdPartyLibs", "{7AAF61EC-85B0-4489-8800-E51444503341}"
	ProjectSection(SolutionItems) = preProject
		Modbus.dll = Modbus.dll
	EndProjectSection
EndProject
Project("{FAE04EC0-301F-11D3-BF4B-00C04F79EFBC}") = "Common", "Common\Common.csproj", "{CF5FF32D-63E3-4620-8F90-57C212C1BAE7}"
EndProject
Project("{FAE04EC0-301F-11D3-BF4B-00C04F79EFBC}") = "ProcessingModule", "ProcessingModule\ProcessingModule.csproj", "{F1932D84-3048-458C-8FC7-557429E4FC90}"
EndProject
Global
	GlobalSection(SolutionConfigurationPlatforms) = preSolution
		Debug|Any CPU = Debug|Any CPU
		Release|Any CPU = Release|Any CPU
	EndGlobalSection
	GlobalSection(ProjectConfigurationPlatforms) = postSolution
		{9E4118D1-84E0-4C44-AF2C-69E245351C8E}.Debug|Any CPU.ActiveCfg = Debug|Any CPU
		{9E4118D1-84E0-4C44-AF2C-69E245351C8E}.Debug|Any CPU.Build.0 = Debug|Any CPU
		{9E4118D1-84E0-4C44-AF2C-69E245351C8E}.Release|Any CPU.ActiveCfg = Release|Any CPU
		{9E4118D1-84E0-4C44-AF2C-69E245351C8E}.Release|Any CPU.Build.0 = Release|Any CPU
		{CF5FF32D-63E3-4620-8F90-57C212C1BAE7}.Debug|Any CPU.ActiveCfg = Debug|Any CPU
		{CF5FF32D-63E3-4620-8F90-57C212C1BAE7}.Debug|Any CPU.Build.0 = Debug|Any CPU
		{CF5FF32D-63E3-4620-8F90-57C212C1BAE7}.Release|Any CPU.ActiveCfg = Release|Any CPU
		{CF5FF32D-63E3-4620-8F90-57C212C1BAE7}.Release|Any CPU.Build.0 = Release|Any CPU
		{F1932D84-3048-458C-8FC7-557429E4FC90}.Debug|Any CPU.ActiveCfg = Debug|Any CPU
		{F1932D84-3048-458C-8FC7-557429E4FC90}.Debug|Any CPU.Build.0 = Debug|Any CPU
		{F1932D84-3048-458C-8FC7-557429E4FC90}.Release|Any CPU.ActiveCfg = Release|Any CPU
		{F1932D84-3048-458C-8FC7-557429E4FC90}.Release|Any CPU.Build.0 = Release|Any CPU
	EndGlobalSection
	GlobalSection(SolutionProperties) = preSolution
		HideSolutionNode = FALSE
	EndGlobalSection
	GlobalSection(ExtensibilityGlobals) = postSolution
		SolutionGuid = {9E04DD97-CF93-4864-BD98-DB49675DEA3C}
	EndGlobalSection
EndGlobal
